// !$*UTF8*$!
{
	archiveVersion = 1;
	classes = {
	};
	objectVersion = 46;
	objects = {

/* Begin PBXBuildFile section */
		86E573DB1C559EBF00364508 /* AppDelegate.swift in Sources */ = {isa = PBXBuildFile; fileRef = 86E573DA1C559EBF00364508 /* AppDelegate.swift */; };
		86E573DD1C559EBF00364508 /* ViewController.swift in Sources */ = {isa = PBXBuildFile; fileRef = 86E573DC1C559EBF00364508 /* ViewController.swift */; };
		86E573E01C559EBF00364508 /* Main.storyboard in Resources */ = {isa = PBXBuildFile; fileRef = 86E573DE1C559EBF00364508 /* Main.storyboard */; };
		86E573E21C559EBF00364508 /* Assets.xcassets in Resources */ = {isa = PBXBuildFile; fileRef = 86E573E11C559EBF00364508 /* Assets.xcassets */; };
		86E573E51C559EC000364508 /* LaunchScreen.storyboard in Resources */ = {isa = PBXBuildFile; fileRef = 86E573E31C559EC000364508 /* LaunchScreen.storyboard */; };
		86E573F01C559EC000364508 /* Pitch_PerfectTests.swift in Sources */ = {isa = PBXBuildFile; fileRef = 86E573EF1C559EC000364508 /* Pitch_PerfectTests.swift */; };
		86E573FB1C559EC000364508 /* Pitch_PerfectUITests.swift in Sources */ = {isa = PBXBuildFile; fileRef = 86E573FA1C559EC000364508 /* Pitch_PerfectUITests.swift */; };
		86E5740B1C573C9C00364508 /* PlaySoundsVC.swift in Sources */ = {isa = PBXBuildFile; fileRef = 86E5740A1C573C9C00364508 /* PlaySoundsVC.swift */; };
/* End PBXBuildFile section */

/* Begin PBXContainerItemProxy section */
		86E573EC1C559EC000364508 /* PBXContainerItemProxy */ = {
			isa = PBXContainerItemProxy;
			containerPortal = 86E573CF1C559EBF00364508 /* Project object */;
			proxyType = 1;
			remoteGlobalIDString = 86E573D61C559EBF00364508;
			remoteInfo = "Pitch Perfect";
		};
		86E573F71C559EC000364508 /* PBXContainerItemProxy */ = {
			isa = PBXContainerItemProxy;
			containerPortal = 86E573CF1C559EBF00364508 /* Project object */;
			proxyType = 1;
			remoteGlobalIDString = 86E573D61C559EBF00364508;
			remoteInfo = "Pitch Perfect";
		};
/* End PBXContainerItemProxy section */

/* Begin PBXFileReference section */
		86E573D71C559EBF00364508 /* Pitch Perfect.app */ = {isa = PBXFileReference; explicitFileType = wrapper.application; includeInIndex = 0; path = "Pitch Perfect.app"; sourceTree = BUILT_PRODUCTS_DIR; };
		86E573DA1C559EBF00364508 /* AppDelegate.swift */ = {isa = PBXFileReference; lastKnownFileType = sourcecode.swift; path = AppDelegate.swift; sourceTree = "<group>"; };
		86E573DC1C559EBF00364508 /* ViewController.swift */ = {isa = PBXFileReference; lastKnownFileType = sourcecode.swift; path = ViewController.swift; sourceTree = "<group>"; };
		86E573DF1C559EBF00364508 /* Base */ = {isa = PBXFileReference; lastKnownFileType = file.storyboard; name = Base; path = Base.lproj/Main.storyboard; sourceTree = "<group>"; };
		86E573E11C559EBF00364508 /* Assets.xcassets */ = {isa = PBXFileReference; lastKnownFileType = folder.assetcatalog; path = Assets.xcassets; sourceTree = "<group>"; };
		86E573E41C559EC000364508 /* Base */ = {isa = PBXFileReference; lastKnownFileType = file.storyboard; name = Base; path = Base.lproj/LaunchScreen.storyboard; sourceTree = "<group>"; };
		86E573E61C559EC000364508 /* Info.plist */ = {isa = PBXFileReference; lastKnownFileType = text.plist.xml; path = Info.plist; sourceTree = "<group>"; };
		86E573EB1C559EC000364508 /* Pitch PerfectTests.xctest */ = {isa = PBXFileReference; explicitFileType = wrapper.cfbundle; includeInIndex = 0; path = "Pitch PerfectTests.xctest"; sourceTree = BUILT_PRODUCTS_DIR; };
		86E573EF1C559EC000364508 /* Pitch_PerfectTests.swift */ = {isa = PBXFileReference; lastKnownFileType = sourcecode.swift; path = Pitch_PerfectTests.swift; sourceTree = "<group>"; };
		86E573F11C559EC000364508 /* Info.plist */ = {isa = PBXFileReference; lastKnownFileType = text.plist.xml; path = Info.plist; sourceTree = "<group>"; };
		86E573F61C559EC000364508 /* Pitch PerfectUITests.xctest */ = {isa = PBXFileReference; explicitFileType = wrapper.cfbundle; includeInIndex = 0; path = "Pitch PerfectUITests.xctest"; sourceTree = BUILT_PRODUCTS_DIR; };
		86E573FA1C559EC000364508 /* Pitch_PerfectUITests.swift */ = {isa = PBXFileReference; lastKnownFileType = sourcecode.swift; path = Pitch_PerfectUITests.swift; sourceTree = "<group>"; };
		86E573FC1C559EC000364508 /* Info.plist */ = {isa = PBXFileReference; lastKnownFileType = text.plist.xml; path = Info.plist; sourceTree = "<group>"; };
		86E5740A1C573C9C00364508 /* PlaySoundsVC.swift */ = {isa = PBXFileReference; fileEncoding = 4; lastKnownFileType = sourcecode.swift; path = PlaySoundsVC.swift; sourceTree = "<group>"; };
/* End PBXFileReference section */

/* Begin PBXFrameworksBuildPhase section */
		86E573D41C559EBF00364508 /* Frameworks */ = {
			isa = PBXFrameworksBuildPhase;
			buildActionMask = 2147483647;
			files = (
			);
			runOnlyForDeploymentPostprocessing = 0;
		};
		86E573E81C559EC000364508 /* Frameworks */ = {
			isa = PBXFrameworksBuildPhase;
			buildActionMask = 2147483647;
			files = (
			);
			runOnlyForDeploymentPostprocessing = 0;
		};
		86E573F31C559EC000364508 /* Frameworks */ = {
			isa = PBXFrameworksBuildPhase;
			buildActionMask = 2147483647;
			files = (
			);
			runOnlyForDeploymentPostprocessing = 0;
		};
/* End PBXFrameworksBuildPhase section */

/* Begin PBXGroup section */
		86E573CE1C559EBF00364508 = {
			isa = PBXGroup;
			children = (
				86E573D91C559EBF00364508 /* Pitch Perfect */,
				86E573EE1C559EC000364508 /* Pitch PerfectTests */,
				86E573F91C559EC000364508 /* Pitch PerfectUITests */,
				86E573D81C559EBF00364508 /* Products */,
			);
			sourceTree = "<group>";
		};
		86E573D81C559EBF00364508 /* Products */ = {
			isa = PBXGroup;
			children = (
				86E573D71C559EBF00364508 /* Pitch Perfect.app */,
				86E573EB1C559EC000364508 /* Pitch PerfectTests.xctest */,
				86E573F61C559EC000364508 /* Pitch PerfectUITests.xctest */,
			);
			name = Products;
			sourceTree = "<group>";
		};
		86E573D91C559EBF00364508 /* Pitch Perfect */ = {
			isa = PBXGroup;
			children = (
				86E5740A1C573C9C00364508 /* PlaySoundsVC.swift */,
				86E573DA1C559EBF00364508 /* AppDelegate.swift */,
				86E573DC1C559EBF00364508 /* ViewController.swift */,
				86E573DE1C559EBF00364508 /* Main.storyboard */,
				86E573E11C559EBF00364508 /* Assets.xcassets */,
				86E573E31C559EC000364508 /* LaunchScreen.storyboard */,
				86E573E61C559EC000364508 /* Info.plist */,
			);
			path = "Pitch Perfect";
			sourceTree = "<group>";
		};
		86E573EE1C559EC000364508 /* Pitch PerfectTests */ = {
			isa = PBXGroup;
			children = (
				86E573EF1C559EC000364508 /* Pitch_PerfectTests.swift */,
				86E573F11C559EC000364508 /* Info.plist */,
			);
			path = "Pitch PerfectTests";
			sourceTree = "<group>";
		};
		86E573F91C559EC000364508 /* Pitch PerfectUITests */ = {
			isa = PBXGroup;
			children = (
				86E573FA1C559EC000364508 /* Pitch_PerfectUITests.swift */,
				86E573FC1C559EC000364508 /* Info.plist */,
			);
			path = "Pitch PerfectUITests";
			sourceTree = "<group>";
		};
/* End PBXGroup section */

/* Begin PBXNativeTarget section */
		86E573D61C559EBF00364508 /* Pitch Perfect */ = {
			isa = PBXNativeTarget;
			buildConfigurationList = 86E573FF1C559EC000364508 /* Build configuration list for PBXNativeTarget "Pitch Perfect" */;
			buildPhases = (
				86E573D31C559EBF00364508 /* Sources */,
				86E573D41C559EBF00364508 /* Frameworks */,
				86E573D51C559EBF00364508 /* Resources */,
			);
			buildRules = (
			);
			dependencies = (
			);
			name = "Pitch Perfect";
			productName = "Pitch Perfect";
			productReference = 86E573D71C559EBF00364508 /* Pitch Perfect.app */;
			productType = "com.apple.product-type.application";
		};
		86E573EA1C559EC000364508 /* Pitch PerfectTests */ = {
			isa = PBXNativeTarget;
			buildConfigurationList = 86E574021C559EC000364508 /* Build configuration list for PBXNativeTarget "Pitch PerfectTests" */;
			buildPhases = (
				86E573E71C559EC000364508 /* Sources */,
				86E573E81C559EC000364508 /* Frameworks */,
				86E573E91C559EC000364508 /* Resources */,
			);
			buildRules = (
			);
			dependencies = (
				86E573ED1C559EC000364508 /* PBXTargetDependency */,
			);
			name = "Pitch PerfectTests";
			productName = "Pitch PerfectTests";
			productReference = 86E573EB1C559EC000364508 /* Pitch PerfectTests.xctest */;
			productType = "com.apple.product-type.bundle.unit-test";
		};
		86E573F51C559EC000364508 /* Pitch PerfectUITests */ = {
			isa = PBXNativeTarget;
			buildConfigurationList = 86E574051C559EC000364508 /* Build configuration list for PBXNativeTarget "Pitch PerfectUITests" */;
			buildPhases = (
				86E573F21C559EC000364508 /* Sources */,
				86E573F31C559EC000364508 /* Frameworks */,
				86E573F41C559EC000364508 /* Resources */,
			);
			buildRules = (
			);
			dependencies = (
				86E573F81C559EC000364508 /* PBXTargetDependency */,
			);
			name = "Pitch PerfectUITests";
			productName = "Pitch PerfectUITests";
			productReference = 86E573F61C559EC000364508 /* Pitch PerfectUITests.xctest */;
			productType = "com.apple.product-type.bundle.ui-testing";
		};
/* End PBXNativeTarget section */

/* Begin PBXProject section */
		86E573CF1C559EBF00364508 /* Project object */ = {
			isa = PBXProject;
			attributes = {
				LastSwiftUpdateCheck = 0710;
				LastUpgradeCheck = 0710;
				ORGANIZATIONNAME = "Frederik Roenn";
				TargetAttributes = {
					86E573D61C559EBF00364508 = {
						CreatedOnToolsVersion = 7.1.1;
					};
					86E573EA1C559EC000364508 = {
						CreatedOnToolsVersion = 7.1.1;
						TestTargetID = 86E573D61C559EBF00364508;
					};
					86E573F51C559EC000364508 = {
						CreatedOnToolsVersion = 7.1.1;
						TestTargetID = 86E573D61C559EBF00364508;
					};
				};
			};
			buildConfigurationList = 86E573D21C559EBF00364508 /* Build configuration list for PBXProject "Pitch Perfect" */;
			compatibilityVersion = "Xcode 3.2";
			developmentRegion = English;
			hasScannedForEncodings = 0;
			knownRegions = (
				en,
				Base,
			);
			mainGroup = 86E573CE1C559EBF00364508;
			productRefGroup = 86E573D81C559EBF00364508 /* Products */;
			projectDirPath = "";
			projectRoot = "";
			targets = (
				86E573D61C559EBF00364508 /* Pitch Perfect */,
				86E573EA1C559EC000364508 /* Pitch PerfectTests */,
				86E573F51C559EC000364508 /* Pitch PerfectUITests */,
			);
		};
/* End PBXProject section */

/* Begin PBXResourcesBuildPhase section */
		86E573D51C559EBF00364508 /* Resources */ = {
			isa = PBXResourcesBuildPhase;
			buildActionMask = 2147483647;
			files = (
				86E573E51C559EC000364508 /* LaunchScreen.storyboard in Resources */,
				86E573E21C559EBF00364508 /* Assets.xcassets in Resources */,
				86E573E01C559EBF00364508 /* Main.storyboard in Resources */,
			);
			runOnlyForDeploymentPostprocessing = 0;
		};
		86E573E91C559EC000364508 /* Resources */ = {
			isa = PBXResourcesBuildPhase;
			buildActionMask = 2147483647;
			files = (
			);
			runOnlyForDeploymentPostprocessing = 0;
		};
		86E573F41C559EC000364508 /* Resources */ = {
			isa = PBXResourcesBuildPhase;
			buildActionMask = 2147483647;
			files = (
			);
			runOnlyForDeploymentPostprocessing = 0;
		};
/* End PBXResourcesBuildPhase section */

/* Begin PBXSourcesBuildPhase section */
		86E573D31C559EBF00364508 /* Sources */ = {
			isa = PBXSourcesBuildPhase;
			buildActionMask = 2147483647;
			files = (
				86E573DD1C559EBF00364508 /* ViewController.swift in Sources */,
				86E5740B1C573C9C00364508 /* PlaySoundsVC.swift in Sources */,
				86E573DB1C559EBF00364508 /* AppDelegate.swift in Sources */,
			);
			runOnlyForDeploymentPostprocessing = 0;
		};
		86E573E71C559EC000364508 /* Sources */ = {
			isa = PBXSourcesBuildPhase;
			buildActionMask = 2147483647;
			files = (
				86E573F01C559EC000364508 /* Pitch_PerfectTests.swift in Sources */,
			);
			runOnlyForDeploymentPostprocessing = 0;
		};
		86E573F21C559EC000364508 /* Sources */ = {
			isa = PBXSourcesBuildPhase;
			buildActionMask = 2147483647;
			files = (
				86E573FB1C559EC000364508 /* Pitch_PerfectUITests.swift in Sources */,
			);
			runOnlyForDeploymentPostprocessing = 0;
		};
/* End PBXSourcesBuildPhase section */

/* Begin PBXTargetDependency section */
		86E573ED1C559EC000364508 /* PBXTargetDependency */ = {
			isa = PBXTargetDependency;
			target = 86E573D61C559EBF00364508 /* Pitch Perfect */;
			targetProxy = 86E573EC1C559EC000364508 /* PBXContainerItemProxy */;
		};
		86E573F81C559EC000364508 /* PBXTargetDependency */ = {
			isa = PBXTargetDependency;
			target = 86E573D61C559EBF00364508 /* Pitch Perfect */;
			targetProxy = 86E573F71C559EC000364508 /* PBXContainerItemProxy */;
		};
/* End PBXTargetDependency section */

/* Begin PBXVariantGroup section */
		86E573DE1C559EBF00364508 /* Main.storyboard */ = {
			isa = PBXVariantGroup;
			children = (
				86E573DF1C559EBF00364508 /* Base */,
			);
			name = Main.storyboard;
			sourceTree = "<group>";
		};
		86E573E31C559EC000364508 /* LaunchScreen.storyboard */ = {
			isa = PBXVariantGroup;
			children = (
				86E573E41C559EC000364508 /* Base */,
			);
			name = LaunchScreen.storyboard;
			sourceTree = "<group>";
		};
/* End PBXVariantGroup section */

/* Begin XCBuildConfiguration section */
		86E573FD1C559EC000364508 /* Debug */ = {
			isa = XCBuildConfiguration;
			buildSettings = {
				ALWAYS_SEARCH_USER_PATHS = NO;
				CLANG_CXX_LANGUAGE_STANDARD = "gnu++0x";
				CLANG_CXX_LIBRARY = "libc++";
				CLANG_ENABLE_MODULES = YES;
				CLANG_ENABLE_OBJC_ARC = YES;
				CLANG_WARN_BOOL_CONVERSION = YES;
				CLANG_WARN_CONSTANT_CONVERSION = YES;
				CLANG_WARN_DIRECT_OBJC_ISA_USAGE = YES_ERROR;
				CLANG_WARN_EMPTY_BODY = YES;
				CLANG_WARN_ENUM_CONVERSION = YES;
				CLANG_WARN_INT_CONVERSION = YES;
				CLANG_WARN_OBJC_ROOT_CLASS = YES_ERROR;
				CLANG_WARN_UNREACHABLE_CODE = YES;
				CLANG_WARN__DUPLICATE_METHOD_MATCH = YES;
				"CODE_SIGN_IDENTITY[sdk=iphoneos*]" = "iPhone Developer";
				COPY_PHASE_STRIP = NO;
				DEBUG_INFORMATION_FORMAT = dwarf;
				ENABLE_STRICT_OBJC_MSGSEND = YES;
				ENABLE_TESTABILITY = YES;
				GCC_C_LANGUAGE_STANDARD = gnu99;
				GCC_DYNAMIC_NO_PIC = NO;
				GCC_NO_COMMON_BLOCKS = YES;
				GCC_OPTIMIZATION_LEVEL = 0;
				GCC_PREPROCESSOR_DEFINITIONS = (
					"DEBUG=1",
					"$(inherited)",
				);
				GCC_WARN_64_TO_32_BIT_CONVERSION = YES;
				GCC_WARN_ABOUT_RETURN_TYPE = YES_ERROR;
				GCC_WARN_UNDECLARED_SELECTOR = YES;
				GCC_WARN_UNINITIALIZED_AUTOS = YES_AGGRESSIVE;
				GCC_WARN_UNUSED_FUNCTION = YES;
				GCC_WARN_UNUSED_VARIABLE = YES;
				IPHONEOS_DEPLOYMENT_TARGET = 9.1;
				MTL_ENABLE_DEBUG_INFO = YES;
				ONLY_ACTIVE_ARCH = YES;
				SDKROOT = iphoneos;
				SWIFT_OPTIMIZATION_LEVEL = "-Onone";
			};
			name = Debug;
		};
		86E573FE1C559EC000364508 /* Release */ = {
			isa = XCBuildConfiguration;
			buildSettings = {
				ALWAYS_SEARCH_USER_PATHS = NO;
				CLANG_CXX_LANGUAGE_STANDARD = "gnu++0x";
				CLANG_CXX_LIBRARY = "libc++";
				CLANG_ENABLE_MODULES = YES;
				CLANG_ENABLE_OBJC_ARC = YES;
				CLANG_WARN_BOOL_CONVERSION = YES;
				CLANG_WARN_CONSTANT_CONVERSION = YES;
				CLANG_WARN_DIRECT_OBJC_ISA_USAGE = YES_ERROR;
				CLANG_WARN_EMPTY_BODY = YES;
				CLANG_WARN_ENUM_CONVERSION = YES;
				CLANG_WARN_INT_CONVERSION = YES;
				CLANG_WARN_OBJC_ROOT_CLASS = YES_ERROR;
				CLANG_WARN_UNREACHABLE_CODE = YES;
				CLANG_WARN__DUPLICATE_METHOD_MATCH = YES;
				"CODE_SIGN_IDENTITY[sdk=iphoneos*]" = "iPhone Developer";
				COPY_PHASE_STRIP = NO;
				DEBUG_INFORMATION_FORMAT = "dwarf-with-dsym";
				ENABLE_NS_ASSERTIONS = NO;
				ENABLE_STRICT_OBJC_MSGSEND = YES;
				GCC_C_LANGUAGE_STANDARD = gnu99;
				GCC_NO_COMMON_BLOCKS = YES;
				GCC_WARN_64_TO_32_BIT_CONVERSION = YES;
				GCC_WARN_ABOUT_RETURN_TYPE = YES_ERROR;
				GCC_WARN_UNDECLARED_SELECTOR = YES;
				GCC_WARN_UNINITIALIZED_AUTOS = YES_AGGRESSIVE;
				GCC_WARN_UNUSED_FUNCTION = YES;
				GCC_WARN_UNUSED_VARIABLE = YES;
				IPHONEOS_DEPLOYMENT_TARGET = 9.1;
				MTL_ENABLE_DEBUG_INFO = NO;
				SDKROOT = iphoneos;
				VALIDATE_PRODUCT = YES;
			};
			name = Release;
		};
		86E574001C559EC000364508 /* Debug */ = {
			isa = XCBuildConfiguration;
			buildSettings = {
				ASSETCATALOG_COMPILER_APPICON_NAME = AppIcon;
				INFOPLIST_FILE = "Pitch Perfect/Info.plist";
				LD_RUNPATH_SEARCH_PATHS = "$(inherited) @executable_path/Frameworks";
				PRODUCT_BUNDLE_IDENTIFIER = "com.froenn.Pitch-Perfect";
				PRODUCT_NAME = "$(TARGET_NAME)";
			};
			name = Debug;
		};
		86E574011C559EC000364508 /* Release */ = {
			isa = XCBuildConfiguration;
			buildSettings = {
				ASSETCATALOG_COMPILER_APPICON_NAME = AppIcon;
				INFOPLIST_FILE = "Pitch Perfect/Info.plist";
				LD_RUNPATH_SEARCH_PATHS = "$(inherited) @executable_path/Frameworks";
				PRODUCT_BUNDLE_IDENTIFIER = "com.froenn.Pitch-Perfect";
				PRODUCT_NAME = "$(TARGET_NAME)";
			};
			name = Release;
		};
		86E574031C559EC000364508 /* Debug */ = {
			isa = XCBuildConfiguration;
			buildSettings = {
				BUNDLE_LOADER = "$(TEST_HOST)";
				INFOPLIST_FILE = "Pitch PerfectTests/Info.plist";
				LD_RUNPATH_SEARCH_PATHS = "$(inherited) @executable_path/Frameworks @loader_path/Frameworks";
				PRODUCT_BUNDLE_IDENTIFIER = "com.froenn.Pitch-PerfectTests";
				PRODUCT_NAME = "$(TARGET_NAME)";
				TEST_HOST = "$(BUILT_PRODUCTS_DIR)/Pitch Perfect.app/Pitch Perfect";
			};
			name = Debug;
		};
		86E574041C559EC000364508 /* Release */ = {
			isa = XCBuildConfiguration;
			buildSettings = {
				BUNDLE_LOADER = "$(TEST_HOST)";
				INFOPLIST_FILE = "Pitch PerfectTests/Info.plist";
				LD_RUNPATH_SEARCH_PATHS = "$(inherited) @executable_path/Frameworks @loader_path/Frameworks";
				PRODUCT_BUNDLE_IDENTIFIER = "com.froenn.Pitch-PerfectTests";
				PRODUCT_NAME = "$(TARGET_NAME)";
				TEST_HOST = "$(BUILT_PRODUCTS_DIR)/Pitch Perfect.app/Pitch Perfect";
			};
			name = Release;
		};
		86E574061C559EC000364508 /* Debug */ = {
			isa = XCBuildConfiguration;
			buildSettings = {
				INFOPLIST_FILE = "Pitch PerfectUITests/Info.plist";
				LD_RUNPATH_SEARCH_PATHS = "$(inherited) @executable_path/Frameworks @loader_path/Frameworks";
				PRODUCT_BUNDLE_IDENTIFIER = "com.froenn.Pitch-PerfectUITests";
				PRODUCT_NAME = "$(TARGET_NAME)";
				TEST_TARGET_NAME = "Pitch Perfect";
				USES_XCTRUNNER = YES;
			};
			name = Debug;
		};
		86E574071C559EC000364508 /* Release */ = {
			isa = XCBuildConfiguration;
			buildSettings = {
				INFOPLIST_FILE = "Pitch PerfectUITests/Info.plist";
				LD_RUNPATH_SEARCH_PATHS = "$(inherited) @executable_path/Frameworks @loader_path/Frameworks";
				PRODUCT_BUNDLE_IDENTIFIER = "com.froenn.Pitch-PerfectUITests";
				PRODUCT_NAME = "$(TARGET_NAME)";
				TEST_TARGET_NAME = "Pitch Perfect";
				USES_XCTRUNNER = YES;
			};
			name = Release;
		};
/* End XCBuildConfiguration section */

/* Begin XCConfigurationList section */
		86E573D21C559EBF00364508 /* Build configuration list for PBXProject "Pitch Perfect" */ = {
			isa = XCConfigurationList;
			buildConfigurations = (
				86E573FD1C559EC000364508 /* Debug */,
				86E573FE1C559EC000364508 /* Release */,
			);
			defaultConfigurationIsVisible = 0;
			defaultConfigurationName = Release;
		};
		86E573FF1C559EC000364508 /* Build configuration list for PBXNativeTarget "Pitch Perfect" */ = {
			isa = XCConfigurationList;
			buildConfigurations = (
				86E574001C559EC000364508 /* Debug */,
				86E574011C559EC000364508 /* Release */,
			);
			defaultConfigurationIsVisible = 0;
			defaultConfigurationName = Release;
		};
		86E574021C559EC000364508 /* Build configuration list for PBXNativeTarget "Pitch PerfectTests" */ = {
			isa = XCConfigurationList;
			buildConfigurations = (
				86E574031C559EC000364508 /* Debug */,
				86E574041C559EC000364508 /* Release */,
			);
			defaultConfigurationIsVisible = 0;
			defaultConfigurationName = Release;
		};
		86E574051C559EC000364508 /* Build configuration list for PBXNativeTarget "Pitch PerfectUITests" */ = {
			isa = XCConfigurationList;
			buildConfigurations = (
				86E574061C559EC000364508 /* Debug */,
				86E574071C559EC000364508 /* Release */,
			);
			defaultConfigurationIsVisible = 0;
			defaultConfigurationName = Release;
		};
/* End XCConfigurationList section */
	};
	rootObject = 86E573CF1C559EBF00364508 /* Project object */;
}
